// !$*UTF8*$!
{
	archiveVersion = 1;
	classes = {
	};
	objectVersion = 51;
	objects = {

/* Begin PBXBuildFile section */
		05325AA7BBA1109922E82F05 /* Pods_Lesson_5.framework in Frameworks */ = {isa = PBXBuildFile; fileRef = 42D04DD6B614C7C8AAABA96C /* Pods_Lesson_5.framework */; };
		2B5406802600FA3B00B10CA0 /* UserViewController.swift in Sources */ = {isa = PBXBuildFile; fileRef = 2B54067F2600FA3B00B10CA0 /* UserViewController.swift */; };
		8968AF5926077E62003A91B0 /* Assets.xcassets in Resources */ = {isa = PBXBuildFile; fileRef = 8968AF5826077E62003A91B0 /* Assets.xcassets */; };
		D50820D225ED244E00FC23AB /* AppDelegate.swift in Sources */ = {isa = PBXBuildFile; fileRef = D50820D125ED244E00FC23AB /* AppDelegate.swift */; };
		D50820D425ED244E00FC23AB /* SceneDelegate.swift in Sources */ = {isa = PBXBuildFile; fileRef = D50820D325ED244E00FC23AB /* SceneDelegate.swift */; };
		D50820D625ED244E00FC23AB /* ViewController.swift in Sources */ = {isa = PBXBuildFile; fileRef = D50820D525ED244E00FC23AB /* ViewController.swift */; };
		D50820D925ED244E00FC23AB /* Main.storyboard in Resources */ = {isa = PBXBuildFile; fileRef = D50820D725ED244E00FC23AB /* Main.storyboard */; };
		D50820DE25ED244F00FC23AB /* LaunchScreen.storyboard in Resources */ = {isa = PBXBuildFile; fileRef = D50820DC25ED244F00FC23AB /* LaunchScreen.storyboard */; };
		D50820E725ED2A1A00FC23AB /* NoteTableViewCell.swift in Sources */ = {isa = PBXBuildFile; fileRef = D50820E625ED2A1A00FC23AB /* NoteTableViewCell.swift */; };
		D5EA1FB025FF88E700DEA654 /* User.swift in Sources */ = {isa = PBXBuildFile; fileRef = D5EA1FAF25FF88E700DEA654 /* User.swift */; };
		D5EA1FB325FF891B00DEA654 /* Loader.swift in Sources */ = {isa = PBXBuildFile; fileRef = D5EA1FB225FF891B00DEA654 /* Loader.swift */; };
/* End PBXBuildFile section */

/* Begin PBXFileReference section */
		2B54067F2600FA3B00B10CA0 /* UserViewController.swift */ = {isa = PBXFileReference; lastKnownFileType = sourcecode.swift; path = UserViewController.swift; sourceTree = "<group>"; };
		40B3B507BF44D8BFC9468538 /* Pods-Lesson_5.release.xcconfig */ = {isa = PBXFileReference; includeInIndex = 1; lastKnownFileType = text.xcconfig; name = "Pods-Lesson_5.release.xcconfig"; path = "Target Support Files/Pods-Lesson_5/Pods-Lesson_5.release.xcconfig"; sourceTree = "<group>"; };
		42D04DD6B614C7C8AAABA96C /* Pods_Lesson_5.framework */ = {isa = PBXFileReference; explicitFileType = wrapper.framework; includeInIndex = 0; path = Pods_Lesson_5.framework; sourceTree = BUILT_PRODUCTS_DIR; };
		8968AF5826077E62003A91B0 /* Assets.xcassets */ = {isa = PBXFileReference; lastKnownFileType = folder.assetcatalog; path = Assets.xcassets; sourceTree = "<group>"; };
		D50820CE25ED244E00FC23AB /* Lesson_5.app */ = {isa = PBXFileReference; explicitFileType = wrapper.application; includeInIndex = 0; path = Lesson_5.app; sourceTree = BUILT_PRODUCTS_DIR; };
		D50820D125ED244E00FC23AB /* AppDelegate.swift */ = {isa = PBXFileReference; lastKnownFileType = sourcecode.swift; path = AppDelegate.swift; sourceTree = "<group>"; };
		D50820D325ED244E00FC23AB /* SceneDelegate.swift */ = {isa = PBXFileReference; lastKnownFileType = sourcecode.swift; path = SceneDelegate.swift; sourceTree = "<group>"; };
		D50820D525ED244E00FC23AB /* ViewController.swift */ = {isa = PBXFileReference; lastKnownFileType = sourcecode.swift; path = ViewController.swift; sourceTree = "<group>"; };
		D50820D825ED244E00FC23AB /* Base */ = {isa = PBXFileReference; lastKnownFileType = file.storyboard; name = Base; path = Base.lproj/Main.storyboard; sourceTree = "<group>"; };
		D50820DD25ED244F00FC23AB /* Base */ = {isa = PBXFileReference; lastKnownFileType = file.storyboard; name = Base; path = Base.lproj/LaunchScreen.storyboard; sourceTree = "<group>"; };
		D50820DF25ED244F00FC23AB /* Info.plist */ = {isa = PBXFileReference; lastKnownFileType = text.plist.xml; path = Info.plist; sourceTree = "<group>"; };
		D50820E625ED2A1A00FC23AB /* NoteTableViewCell.swift */ = {isa = PBXFileReference; lastKnownFileType = sourcecode.swift; path = NoteTableViewCell.swift; sourceTree = "<group>"; };
		D5EA1FAF25FF88E700DEA654 /* User.swift */ = {isa = PBXFileReference; lastKnownFileType = sourcecode.swift; path = User.swift; sourceTree = "<group>"; };
		D5EA1FB225FF891B00DEA654 /* Loader.swift */ = {isa = PBXFileReference; lastKnownFileType = sourcecode.swift; path = Loader.swift; sourceTree = "<group>"; };
		EEA8C0959BE27C7F93E044E6 /* Pods-Lesson_5.debug.xcconfig */ = {isa = PBXFileReference; includeInIndex = 1; lastKnownFileType = text.xcconfig; name = "Pods-Lesson_5.debug.xcconfig"; path = "Target Support Files/Pods-Lesson_5/Pods-Lesson_5.debug.xcconfig"; sourceTree = "<group>"; };
/* End PBXFileReference section */

/* Begin PBXFrameworksBuildPhase section */
		D50820CB25ED244E00FC23AB /* Frameworks */ = {
			isa = PBXFrameworksBuildPhase;
			buildActionMask = 2147483647;
			files = (
				05325AA7BBA1109922E82F05 /* Pods_Lesson_5.framework in Frameworks */,
			);
			runOnlyForDeploymentPostprocessing = 0;
		};
/* End PBXFrameworksBuildPhase section */

/* Begin PBXGroup section */
		5755468B2BA090231C8B9A59 /* Pods */ = {
			isa = PBXGroup;
			children = (
				EEA8C0959BE27C7F93E044E6 /* Pods-Lesson_5.debug.xcconfig */,
				40B3B507BF44D8BFC9468538 /* Pods-Lesson_5.release.xcconfig */,
			);
			path = Pods;
			sourceTree = "<group>";
		};
		D1E292D131BF72624FEC324A /* Frameworks */ = {
			isa = PBXGroup;
			children = (
				42D04DD6B614C7C8AAABA96C /* Pods_Lesson_5.framework */,
			);
			name = Frameworks;
			sourceTree = "<group>";
		};
		D50820C525ED244E00FC23AB = {
			isa = PBXGroup;
			children = (
				D50820D025ED244E00FC23AB /* Lesson_5 */,
				D50820CF25ED244E00FC23AB /* Products */,
				5755468B2BA090231C8B9A59 /* Pods */,
				D1E292D131BF72624FEC324A /* Frameworks */,
			);
			sourceTree = "<group>";
		};
		D50820CF25ED244E00FC23AB /* Products */ = {
			isa = PBXGroup;
			children = (
				D50820CE25ED244E00FC23AB /* Lesson_5.app */,
			);
			name = Products;
			sourceTree = "<group>";
		};
		D50820D025ED244E00FC23AB /* Lesson_5 */ = {
			isa = PBXGroup;
			children = (
				D50820D125ED244E00FC23AB /* AppDelegate.swift */,
				D50820D325ED244E00FC23AB /* SceneDelegate.swift */,
				D50820E625ED2A1A00FC23AB /* NoteTableViewCell.swift */,
				D5EA1FAF25FF88E700DEA654 /* User.swift */,
				D5EA1FB225FF891B00DEA654 /* Loader.swift */,
				D50820D525ED244E00FC23AB /* ViewController.swift */,
				2B54067F2600FA3B00B10CA0 /* UserViewController.swift */,
				D50820D725ED244E00FC23AB /* Main.storyboard */,
				8968AF5826077E62003A91B0 /* Assets.xcassets */,
				D50820DC25ED244F00FC23AB /* LaunchScreen.storyboard */,
				D50820DF25ED244F00FC23AB /* Info.plist */,
			);
			path = Lesson_5;
			sourceTree = "<group>";
		};
/* End PBXGroup section */

/* Begin PBXNativeTarget section */
		D50820CD25ED244E00FC23AB /* Lesson_5 */ = {
			isa = PBXNativeTarget;
			buildConfigurationList = D50820E225ED244F00FC23AB /* Build configuration list for PBXNativeTarget "Lesson_5" */;
			buildPhases = (
				9B593298F3858B9DC1B36B36 /* [CP] Check Pods Manifest.lock */,
				D50820CA25ED244E00FC23AB /* Sources */,
				8968AF5B26078372003A91B0 /* Swiftlint */,
				D50820CB25ED244E00FC23AB /* Frameworks */,
				D50820CC25ED244E00FC23AB /* Resources */,
				D4CAF138DE821D06004B46DC /* [CP] Embed Pods Frameworks */,
			);
			buildRules = (
			);
			dependencies = (
			);
			name = Lesson_5;
			productName = Lesson_5;
			productReference = D50820CE25ED244E00FC23AB /* Lesson_5.app */;
			productType = "com.apple.product-type.application";
		};
/* End PBXNativeTarget section */

/* Begin PBXProject section */
		D50820C625ED244E00FC23AB /* Project object */ = {
			isa = PBXProject;
			attributes = {
				LastSwiftUpdateCheck = 1200;
				LastUpgradeCheck = 1240;
				TargetAttributes = {
					D50820CD25ED244E00FC23AB = {
						CreatedOnToolsVersion = 12.0;
					};
				};
			};
			buildConfigurationList = D50820C925ED244E00FC23AB /* Build configuration list for PBXProject "Lesson_5" */;
			compatibilityVersion = "Xcode 9.3";
			developmentRegion = en;
			hasScannedForEncodings = 0;
			knownRegions = (
				en,
				Base,
			);
			mainGroup = D50820C525ED244E00FC23AB;
			productRefGroup = D50820CF25ED244E00FC23AB /* Products */;
			projectDirPath = "";
			projectRoot = "";
			targets = (
				D50820CD25ED244E00FC23AB /* Lesson_5 */,
			);
		};
/* End PBXProject section */

/* Begin PBXResourcesBuildPhase section */
		D50820CC25ED244E00FC23AB /* Resources */ = {
			isa = PBXResourcesBuildPhase;
			buildActionMask = 2147483647;
			files = (
				D50820DE25ED244F00FC23AB /* LaunchScreen.storyboard in Resources */,
				8968AF5926077E62003A91B0 /* Assets.xcassets in Resources */,
				D50820D925ED244E00FC23AB /* Main.storyboard in Resources */,
			);
			runOnlyForDeploymentPostprocessing = 0;
		};
/* End PBXResourcesBuildPhase section */

/* Begin PBXShellScriptBuildPhase section */
		8968AF5B26078372003A91B0 /* Swiftlint */ = {
			isa = PBXShellScriptBuildPhase;
			buildActionMask = 2147483647;
			files = (
			);
			inputFileListPaths = (
			);
			inputPaths = (
			);
			name = Swiftlint;
			outputFileListPaths = (
			);
			outputPaths = (
			);
			runOnlyForDeploymentPostprocessing = 0;
			shellPath = /bin/sh;
			shellScript = "\"${PODS_ROOT}/SwiftLint/swiftlint\"\n";
		};
		9B593298F3858B9DC1B36B36 /* [CP] Check Pods Manifest.lock */ = {
			isa = PBXShellScriptBuildPhase;
			buildActionMask = 2147483647;
			files = (
			);
			inputFileListPaths = (
			);
			inputPaths = (
				"${PODS_PODFILE_DIR_PATH}/Podfile.lock",
				"${PODS_ROOT}/Manifest.lock",
			);
			name = "[CP] Check Pods Manifest.lock";
			outputFileListPaths = (
			);
			outputPaths = (
				"$(DERIVED_FILE_DIR)/Pods-Lesson_5-checkManifestLockResult.txt",
			);
			runOnlyForDeploymentPostprocessing = 0;
			shellPath = /bin/sh;
			shellScript = "diff \"${PODS_PODFILE_DIR_PATH}/Podfile.lock\" \"${PODS_ROOT}/Manifest.lock\" > /dev/null\nif [ $? != 0 ] ; then\n    # print error to STDERR\n    echo \"error: The sandbox is not in sync with the Podfile.lock. Run 'pod install' or update your CocoaPods installation.\" >&2\n    exit 1\nfi\n# This output is used by Xcode 'outputs' to avoid re-running this script phase.\necho \"SUCCESS\" > \"${SCRIPT_OUTPUT_FILE_0}\"\n";
			showEnvVarsInLog = 0;
		};
		D4CAF138DE821D06004B46DC /* [CP] Embed Pods Frameworks */ = {
			isa = PBXShellScriptBuildPhase;
			buildActionMask = 2147483647;
			files = (
			);
			inputFileListPaths = (
				"${PODS_ROOT}/Target Support Files/Pods-Lesson_5/Pods-Lesson_5-frameworks-${CONFIGURATION}-input-files.xcfilelist",
			);
			name = "[CP] Embed Pods Frameworks";
			outputFileListPaths = (
				"${PODS_ROOT}/Target Support Files/Pods-Lesson_5/Pods-Lesson_5-frameworks-${CONFIGURATION}-output-files.xcfilelist",
			);
			runOnlyForDeploymentPostprocessing = 0;
			shellPath = /bin/sh;
			shellScript = "\"${PODS_ROOT}/Target Support Files/Pods-Lesson_5/Pods-Lesson_5-frameworks.sh\"\n";
			showEnvVarsInLog = 0;
		};
/* End PBXShellScriptBuildPhase section */

/* Begin PBXSourcesBuildPhase section */
		D50820CA25ED244E00FC23AB /* Sources */ = {
			isa = PBXSourcesBuildPhase;
			buildActionMask = 2147483647;
			files = (
				D5EA1FB025FF88E700DEA654 /* User.swift in Sources */,
				2B5406802600FA3B00B10CA0 /* UserViewController.swift in Sources */,
				D50820E725ED2A1A00FC23AB /* NoteTableViewCell.swift in Sources */,
				D5EA1FB325FF891B00DEA654 /* Loader.swift in Sources */,
				D50820D625ED244E00FC23AB /* ViewController.swift in Sources */,
				D50820D225ED244E00FC23AB /* AppDelegate.swift in Sources */,
				D50820D425ED244E00FC23AB /* SceneDelegate.swift in Sources */,
			);
			runOnlyForDeploymentPostprocessing = 0;
		};
/* End PBXSourcesBuildPhase section */

/* Begin PBXVariantGroup section */
		D50820D725ED244E00FC23AB /* Main.storyboard */ = {
			isa = PBXVariantGroup;
			children = (
				D50820D825ED244E00FC23AB /* Base */,
			);
			name = Main.storyboard;
			sourceTree = "<group>";
		};
		D50820DC25ED244F00FC23AB /* LaunchScreen.storyboard */ = {
			isa = PBXVariantGroup;
			children = (
				D50820DD25ED244F00FC23AB /* Base */,
			);
			name = LaunchScreen.storyboard;
			sourceTree = "<group>";
		};
/* End PBXVariantGroup section */

/* Begin XCBuildConfiguration section */
		D50820E025ED244F00FC23AB /* Debug */ = {
			isa = XCBuildConfiguration;
			buildSettings = {
				ALWAYS_SEARCH_USER_PATHS = NO;
				CLANG_ANALYZER_NONNULL = YES;
				CLANG_ANALYZER_NUMBER_OBJECT_CONVERSION = YES_AGGRESSIVE;
				CLANG_CXX_LANGUAGE_STANDARD = "gnu++14";
				CLANG_CXX_LIBRARY = "libc++";
				CLANG_ENABLE_MODULES = YES;
				CLANG_ENABLE_OBJC_ARC = YES;
				CLANG_ENABLE_OBJC_WEAK = YES;
				CLANG_WARN_BLOCK_CAPTURE_AUTORELEASING = YES;
				CLANG_WARN_BOOL_CONVERSION = YES;
				CLANG_WARN_COMMA = YES;
				CLANG_WARN_CONSTANT_CONVERSION = YES;
				CLANG_WARN_DEPRECATED_OBJC_IMPLEMENTATIONS = YES;
				CLANG_WARN_DIRECT_OBJC_ISA_USAGE = YES_ERROR;
				CLANG_WARN_DOCUMENTATION_COMMENTS = YES;
				CLANG_WARN_EMPTY_BODY = YES;
				CLANG_WARN_ENUM_CONVERSION = YES;
				CLANG_WARN_INFINITE_RECURSION = YES;
				CLANG_WARN_INT_CONVERSION = YES;
				CLANG_WARN_NON_LITERAL_NULL_CONVERSION = YES;
				CLANG_WARN_OBJC_IMPLICIT_RETAIN_SELF = YES;
				CLANG_WARN_OBJC_LITERAL_CONVERSION = YES;
				CLANG_WARN_OBJC_ROOT_CLASS = YES_ERROR;
				CLANG_WARN_QUOTED_INCLUDE_IN_FRAMEWORK_HEADER = YES;
				CLANG_WARN_RANGE_LOOP_ANALYSIS = YES;
				CLANG_WARN_STRICT_PROTOTYPES = YES;
				CLANG_WARN_SUSPICIOUS_MOVE = YES;
				CLANG_WARN_UNGUARDED_AVAILABILITY = YES_AGGRESSIVE;
				CLANG_WARN_UNREACHABLE_CODE = YES;
				CLANG_WARN__DUPLICATE_METHOD_MATCH = YES;
				COPY_PHASE_STRIP = NO;
				DEBUG_INFORMATION_FORMAT = dwarf;
				ENABLE_STRICT_OBJC_MSGSEND = YES;
				ENABLE_TESTABILITY = YES;
				GCC_C_LANGUAGE_STANDARD = gnu11;
				GCC_DYNAMIC_NO_PIC = NO;
				GCC_NO_COMMON_BLOCKS = YES;
				GCC_OPTIMIZATION_LEVEL = 0;
				GCC_PREPROCESSOR_DEFINITIONS = (
					"DEBUG=1",
					"$(inherited)",
				);
				GCC_WARN_64_TO_32_BIT_CONVERSION = YES;
				GCC_WARN_ABOUT_RETURN_TYPE = YES_ERROR;
				GCC_WARN_UNDECLARED_SELECTOR = YES;
				GCC_WARN_UNINITIALIZED_AUTOS = YES_AGGRESSIVE;
				GCC_WARN_UNUSED_FUNCTION = YES;
				GCC_WARN_UNUSED_VARIABLE = YES;
				IPHONEOS_DEPLOYMENT_TARGET = 14.0;
				MTL_ENABLE_DEBUG_INFO = INCLUDE_SOURCE;
				MTL_FAST_MATH = YES;
				ONLY_ACTIVE_ARCH = YES;
				SDKROOT = iphoneos;
				SWIFT_ACTIVE_COMPILATION_CONDITIONS = DEBUG;
				SWIFT_OPTIMIZATION_LEVEL = "-Onone";
			};
			name = Debug;
		};
		D50820E125ED244F00FC23AB /* Release */ = {
			isa = XCBuildConfiguration;
			buildSettings = {
				ALWAYS_SEARCH_USER_PATHS = NO;
				CLANG_ANALYZER_NONNULL = YES;
				CLANG_ANALYZER_NUMBER_OBJECT_CONVERSION = YES_AGGRESSIVE;
				CLANG_CXX_LANGUAGE_STANDARD = "gnu++14";
				CLANG_CXX_LIBRARY = "libc++";
				CLANG_ENABLE_MODULES = YES;
				CLANG_ENABLE_OBJC_ARC = YES;
				CLANG_ENABLE_OBJC_WEAK = YES;
				CLANG_WARN_BLOCK_CAPTURE_AUTORELEASING = YES;
				CLANG_WARN_BOOL_CONVERSION = YES;
				CLANG_WARN_COMMA = YES;
				CLANG_WARN_CONSTANT_CONVERSION = YES;
				CLANG_WARN_DEPRECATED_OBJC_IMPLEMENTATIONS = YES;
				CLANG_WARN_DIRECT_OBJC_ISA_USAGE = YES_ERROR;
				CLANG_WARN_DOCUMENTATION_COMMENTS = YES;
				CLANG_WARN_EMPTY_BODY = YES;
				CLANG_WARN_ENUM_CONVERSION = YES;
				CLANG_WARN_INFINITE_RECURSION = YES;
				CLANG_WARN_INT_CONVERSION = YES;
				CLANG_WARN_NON_LITERAL_NULL_CONVERSION = YES;
				CLANG_WARN_OBJC_IMPLICIT_RETAIN_SELF = YES;
				CLANG_WARN_OBJC_LITERAL_CONVERSION = YES;
				CLANG_WARN_OBJC_ROOT_CLASS = YES_ERROR;
				CLANG_WARN_QUOTED_INCLUDE_IN_FRAMEWORK_HEADER = YES;
				CLANG_WARN_RANGE_LOOP_ANALYSIS = YES;
				CLANG_WARN_STRICT_PROTOTYPES = YES;
				CLANG_WARN_SUSPICIOUS_MOVE = YES;
				CLANG_WARN_UNGUARDED_AVAILABILITY = YES_AGGRESSIVE;
				CLANG_WARN_UNREACHABLE_CODE = YES;
				CLANG_WARN__DUPLICATE_METHOD_MATCH = YES;
				COPY_PHASE_STRIP = NO;
				DEBUG_INFORMATION_FORMAT = "dwarf-with-dsym";
				ENABLE_NS_ASSERTIONS = NO;
				ENABLE_STRICT_OBJC_MSGSEND = YES;
				GCC_C_LANGUAGE_STANDARD = gnu11;
				GCC_NO_COMMON_BLOCKS = YES;
				GCC_WARN_64_TO_32_BIT_CONVERSION = YES;
				GCC_WARN_ABOUT_RETURN_TYPE = YES_ERROR;
				GCC_WARN_UNDECLARED_SELECTOR = YES;
				GCC_WARN_UNINITIALIZED_AUTOS = YES_AGGRESSIVE;
				GCC_WARN_UNUSED_FUNCTION = YES;
				GCC_WARN_UNUSED_VARIABLE = YES;
				IPHONEOS_DEPLOYMENT_TARGET = 14.0;
				MTL_ENABLE_DEBUG_INFO = NO;
				MTL_FAST_MATH = YES;
				SDKROOT = iphoneos;
				SWIFT_COMPILATION_MODE = wholemodule;
				SWIFT_OPTIMIZATION_LEVEL = "-O";
				VALIDATE_PRODUCT = YES;
			};
			name = Release;
		};
		D50820E325ED244F00FC23AB /* Debug */ = {
			isa = XCBuildConfiguration;
			baseConfigurationReference = EEA8C0959BE27C7F93E044E6 /* Pods-Lesson_5.debug.xcconfig */;
			buildSettings = {
				ASSETCATALOG_COMPILER_APPICON_NAME = AppIcon;
				ASSETCATALOG_COMPILER_GLOBAL_ACCENT_COLOR_NAME = AccentColor;
				CODE_SIGN_STYLE = Automatic;
				DEVELOPMENT_TEAM = "";
				INFOPLIST_FILE = Lesson_5/Info.plist;
				IPHONEOS_DEPLOYMENT_TARGET = 14.1;
				LD_RUNPATH_SEARCH_PATHS = (
					"$(inherited)",
					"@executable_path/Frameworks",
				);
				PRODUCT_BUNDLE_IDENTIFIER = nuras;
				PRODUCT_NAME = "$(TARGET_NAME)";
				SWIFT_VERSION = 5.0;
				TARGETED_DEVICE_FAMILY = "1,2";
			};
			name = Debug;
		};
		D50820E425ED244F00FC23AB /* Release */ = {
			isa = XCBuildConfiguration;
			baseConfigurationReference = 40B3B507BF44D8BFC9468538 /* Pods-Lesson_5.release.xcconfig */;
			buildSettings = {
				ASSETCATALOG_COMPILER_APPICON_NAME = AppIcon;
				ASSETCATALOG_COMPILER_GLOBAL_ACCENT_COLOR_NAME = AccentColor;
				CODE_SIGN_STYLE = Automatic;
				DEVELOPMENT_TEAM = "";
				INFOPLIST_FILE = Lesson_5/Info.plist;
				IPHONEOS_DEPLOYMENT_TARGET = 14.1;
				LD_RUNPATH_SEARCH_PATHS = (
					"$(inherited)",
					"@executable_path/Frameworks",
				);
				PRODUCT_BUNDLE_IDENTIFIER = nuras;
				PRODUCT_NAME = "$(TARGET_NAME)";
				SWIFT_VERSION = 5.0;
				TARGETED_DEVICE_FAMILY = "1,2";
			};
			name = Release;
		};
/* End XCBuildConfiguration section */

/* Begin XCConfigurationList section */
		D50820C925ED244E00FC23AB /* Build configuration list for PBXProject "Lesson_5" */ = {
			isa = XCConfigurationList;
			buildConfigurations = (
				D50820E025ED244F00FC23AB /* Debug */,
				D50820E125ED244F00FC23AB /* Release */,
			);
			defaultConfigurationIsVisible = 0;
			defaultConfigurationName = Release;
		};
		D50820E225ED244F00FC23AB /* Build configuration list for PBXNativeTarget "Lesson_5" */ = {
			isa = XCConfigurationList;
			buildConfigurations = (
				D50820E325ED244F00FC23AB /* Debug */,
				D50820E425ED244F00FC23AB /* Release */,
			);
			defaultConfigurationIsVisible = 0;
			defaultConfigurationName = Release;
		};
/* End XCConfigurationList section */
	};
	rootObject = D50820C625ED244E00FC23AB /* Project object */;
}
